
Microsoft Visual Studio Solution File, Format Version 12.00
# Visual Studio 15
VisualStudioVersion = 15.0.26730.16
MinimumVisualStudioVersion = 10.0.40219.1
Project("{FAE04EC0-301F-11D3-BF4B-00C04F79EFBC}") = "AmazingRace", "AmazingRace\AmazingRace.csproj", "{E0E8DA07-BC5B-4C1D-9425-67358BAE88AE}"
EndProject
Global
	GlobalSection(SolutionConfigurationPlatforms) = preSolution
		Debug|Any CPU = Debug|Any CPU
		Release|Any CPU = Release|Any CPU
	EndGlobalSection
	GlobalSection(ProjectConfigurationPlatforms) = postSolution
		{E0E8DA07-BC5B-4C1D-9425-67358BAE88AE}.Debug|Any CPU.ActiveCfg = Debug|Any CPU
		{E0E8DA07-BC5B-4C1D-9425-67358BAE88AE}.Debug|Any CPU.Build.0 = Debug|Any CPU
		{E0E8DA07-BC5B-4C1D-9425-67358BAE88AE}.Release|Any CPU.ActiveCfg = Release|Any CPU
		{E0E8DA07-BC5B-4C1D-9425-67358BAE88AE}.Release|Any CPU.Build.0 = Release|Any CPU
	EndGlobalSection
	GlobalSection(SolutionProperties) = preSolution
		HideSolutionNode = FALSE
	EndGlobalSection
	GlobalSection(ExtensibilityGlobals) = postSolution
		SolutionGuid = {A94C1B7D-F4CE-4257-9AE3-85686D5468A7}
	EndGlobalSection
EndGlobal
